
Microsoft Visual Studio Solution File, Format Version 12.00
# Visual Studio Version 16
VisualStudioVersion = 16.0.29728.190
MinimumVisualStudioVersion = 10.0.40219.1
Project("{2150E333-8FDC-42A3-9474-1A3956D46DE8}") = "Items", "Items", "{4C591DA1-0799-46B0-8521-C5EA90403612}"
	ProjectSection(SolutionItems) = preProject
		..\.gitignore = ..\.gitignore
		..\LICENSE = ..\LICENSE
		..\README.md = ..\README.md
	EndProjectSection
EndProject
Project("{2150E333-8FDC-42A3-9474-1A3956D46DE8}") = "Migrations", "Migrations", "{37BA1117-6F9F-4BA6-B444-9F3174501033}"
EndProject
Project("{9A19103F-16F7-4668-BE54-9A1E7A4F7556}") = "SpentBook.Migrations.MySql", "SpentBook.Migrations.MySql\SpentBook.Migrations.MySql.csproj", "{4C1C6657-44B0-4310-A03C-90D44F01A07F}"
EndProject
Project("{9A19103F-16F7-4668-BE54-9A1E7A4F7556}") = "SpentBook.Migrations.SqlServer", "SpentBook.Migrations.SqlServer\SpentBook.Migrations.SqlServer.csproj", "{535F5A90-7529-466D-871F-7171B2DA201C}"
EndProject
Project("{2150E333-8FDC-42A3-9474-1A3956D46DE8}") = "Consoles", "Consoles", "{6ABF7479-B4AD-4484-9769-9A3699FCC68E}"
EndProject
Project("{9A19103F-16F7-4668-BE54-9A1E7A4F7556}") = "SpentBook.Importer", "SpentBook.Importer\SpentBook.Importer.csproj", "{52F7E5F4-6E85-4D35-9734-FBC57A69B7DC}"
EndProject
Project("{2150E333-8FDC-42A3-9474-1A3956D46DE8}") = "Common", "Common", "{872AA4D8-5281-41BF-8552-2ECCEF1A3485}"
EndProject
Project("{9A19103F-16F7-4668-BE54-9A1E7A4F7556}") = "SpentBook.Importer.Application", "SpentBook.Importer.Application\SpentBook.Importer.Application.csproj", "{796993AE-29B3-4854-883B-362CC9300560}"
EndProject
Project("{9A19103F-16F7-4668-BE54-9A1E7A4F7556}") = "SpentBook.Importer.Domain", "SpentBook.Importer.Domain\SpentBook.Importer.Domain.csproj", "{ABDD178B-4D1F-49CB-B5AD-309052111814}"
EndProject
Project("{9A19103F-16F7-4668-BE54-9A1E7A4F7556}") = "SpentBook.Importer.Infrastructure", "SpentBook.Importer.Infrastructure\SpentBook.Importer.Infrastructure.csproj", "{C2FBD940-DBBB-44DC-BE58-4F591FE39D3C}"
EndProject
Global
	GlobalSection(SolutionConfigurationPlatforms) = preSolution
		Debug|Any CPU = Debug|Any CPU
		Release|Any CPU = Release|Any CPU
	EndGlobalSection
	GlobalSection(ProjectConfigurationPlatforms) = postSolution
		{4C1C6657-44B0-4310-A03C-90D44F01A07F}.Debug|Any CPU.ActiveCfg = Debug|Any CPU
		{4C1C6657-44B0-4310-A03C-90D44F01A07F}.Debug|Any CPU.Build.0 = Debug|Any CPU
		{4C1C6657-44B0-4310-A03C-90D44F01A07F}.Release|Any CPU.ActiveCfg = Release|Any CPU
		{4C1C6657-44B0-4310-A03C-90D44F01A07F}.Release|Any CPU.Build.0 = Release|Any CPU
		{535F5A90-7529-466D-871F-7171B2DA201C}.Debug|Any CPU.ActiveCfg = Debug|Any CPU
		{535F5A90-7529-466D-871F-7171B2DA201C}.Debug|Any CPU.Build.0 = Debug|Any CPU
		{535F5A90-7529-466D-871F-7171B2DA201C}.Release|Any CPU.ActiveCfg = Release|Any CPU
		{535F5A90-7529-466D-871F-7171B2DA201C}.Release|Any CPU.Build.0 = Release|Any CPU
		{52F7E5F4-6E85-4D35-9734-FBC57A69B7DC}.Debug|Any CPU.ActiveCfg = Debug|Any CPU
		{52F7E5F4-6E85-4D35-9734-FBC57A69B7DC}.Debug|Any CPU.Build.0 = Debug|Any CPU
		{52F7E5F4-6E85-4D35-9734-FBC57A69B7DC}.Release|Any CPU.ActiveCfg = Release|Any CPU
		{52F7E5F4-6E85-4D35-9734-FBC57A69B7DC}.Release|Any CPU.Build.0 = Release|Any CPU
		{796993AE-29B3-4854-883B-362CC9300560}.Debug|Any CPU.ActiveCfg = Debug|Any CPU
		{796993AE-29B3-4854-883B-362CC9300560}.Debug|Any CPU.Build.0 = Debug|Any CPU
		{796993AE-29B3-4854-883B-362CC9300560}.Release|Any CPU.ActiveCfg = Release|Any CPU
		{796993AE-29B3-4854-883B-362CC9300560}.Release|Any CPU.Build.0 = Release|Any CPU
		{ABDD178B-4D1F-49CB-B5AD-309052111814}.Debug|Any CPU.ActiveCfg = Debug|Any CPU
		{ABDD178B-4D1F-49CB-B5AD-309052111814}.Debug|Any CPU.Build.0 = Debug|Any CPU
		{ABDD178B-4D1F-49CB-B5AD-309052111814}.Release|Any CPU.ActiveCfg = Release|Any CPU
		{ABDD178B-4D1F-49CB-B5AD-309052111814}.Release|Any CPU.Build.0 = Release|Any CPU
		{C2FBD940-DBBB-44DC-BE58-4F591FE39D3C}.Debug|Any CPU.ActiveCfg = Debug|Any CPU
		{C2FBD940-DBBB-44DC-BE58-4F591FE39D3C}.Debug|Any CPU.Build.0 = Debug|Any CPU
		{C2FBD940-DBBB-44DC-BE58-4F591FE39D3C}.Release|Any CPU.ActiveCfg = Release|Any CPU
		{C2FBD940-DBBB-44DC-BE58-4F591FE39D3C}.Release|Any CPU.Build.0 = Release|Any CPU
	EndGlobalSection
	GlobalSection(SolutionProperties) = preSolution
		HideSolutionNode = FALSE
	EndGlobalSection
	GlobalSection(NestedProjects) = preSolution
		{4C1C6657-44B0-4310-A03C-90D44F01A07F} = {37BA1117-6F9F-4BA6-B444-9F3174501033}
		{535F5A90-7529-466D-871F-7171B2DA201C} = {37BA1117-6F9F-4BA6-B444-9F3174501033}
		{52F7E5F4-6E85-4D35-9734-FBC57A69B7DC} = {6ABF7479-B4AD-4484-9769-9A3699FCC68E}
		{796993AE-29B3-4854-883B-362CC9300560} = {872AA4D8-5281-41BF-8552-2ECCEF1A3485}
		{ABDD178B-4D1F-49CB-B5AD-309052111814} = {872AA4D8-5281-41BF-8552-2ECCEF1A3485}
		{C2FBD940-DBBB-44DC-BE58-4F591FE39D3C} = {872AA4D8-5281-41BF-8552-2ECCEF1A3485}
	EndGlobalSection
	GlobalSection(ExtensibilityGlobals) = postSolution
		SolutionGuid = {5AA0A418-A6E0-4283-99BB-10F5EBE1295D}
	EndGlobalSection
EndGlobal
